
Microsoft Visual Studio Solution File, Format Version 12.00
# Visual Studio Version 17
VisualStudioVersion = 17.2.32630.192
MinimumVisualStudioVersion = 10.0.40219.1
Project("{FAE04EC0-301F-11D3-BF4B-00C04F79EFBC}") = "Lab_1-1", "Lab_1-1\Lab_1-1.csproj", "{4996662F-5CFC-4444-AE6A-9741ADF4EBA0}"
EndProject
Project("{FAE04EC0-301F-11D3-BF4B-00C04F79EFBC}") = "Lab_1-2", "Lab_1-2\Lab_1-2.csproj", "{371FE5E7-26D6-4DD9-BEB0-76950B67259F}"
EndProject
Project("{FAE04EC0-301F-11D3-BF4B-00C04F79EFBC}") = "Lab_1-3", "Lab_1-3\Lab_1-3.csproj", "{41597892-577F-46D7-B1BE-574BA2EA7646}"
EndProject
Global
	GlobalSection(SolutionConfigurationPlatforms) = preSolution
		Debug|Any CPU = Debug|Any CPU
		Release|Any CPU = Release|Any CPU
	EndGlobalSection
	GlobalSection(ProjectConfigurationPlatforms) = postSolution
		{4996662F-5CFC-4444-AE6A-9741ADF4EBA0}.Debug|Any CPU.ActiveCfg = Debug|Any CPU
		{4996662F-5CFC-4444-AE6A-9741ADF4EBA0}.Debug|Any CPU.Build.0 = Debug|Any CPU
		{4996662F-5CFC-4444-AE6A-9741ADF4EBA0}.Release|Any CPU.ActiveCfg = Release|Any CPU
		{4996662F-5CFC-4444-AE6A-9741ADF4EBA0}.Release|Any CPU.Build.0 = Release|Any CPU
		{371FE5E7-26D6-4DD9-BEB0-76950B67259F}.Debug|Any CPU.ActiveCfg = Debug|Any CPU
		{371FE5E7-26D6-4DD9-BEB0-76950B67259F}.Debug|Any CPU.Build.0 = Debug|Any CPU
		{371FE5E7-26D6-4DD9-BEB0-76950B67259F}.Release|Any CPU.ActiveCfg = Release|Any CPU
		{371FE5E7-26D6-4DD9-BEB0-76950B67259F}.Release|Any CPU.Build.0 = Release|Any CPU
		{41597892-577F-46D7-B1BE-574BA2EA7646}.Debug|Any CPU.ActiveCfg = Debug|Any CPU
		{41597892-577F-46D7-B1BE-574BA2EA7646}.Debug|Any CPU.Build.0 = Debug|Any CPU
		{41597892-577F-46D7-B1BE-574BA2EA7646}.Release|Any CPU.ActiveCfg = Release|Any CPU
		{41597892-577F-46D7-B1BE-574BA2EA7646}.Release|Any CPU.Build.0 = Release|Any CPU
	EndGlobalSection
	GlobalSection(SolutionProperties) = preSolution
		HideSolutionNode = FALSE
	EndGlobalSection
	GlobalSection(ExtensibilityGlobals) = postSolution
		SolutionGuid = {CD870DA8-F772-4960-AA42-258CD8A61D0F}
	EndGlobalSection
EndGlobal
